
Microsoft Visual Studio Solution File, Format Version 12.00
# Visual Studio Version 16
VisualStudioVersion = 16.0.31112.23
MinimumVisualStudioVersion = 10.0.40219.1
Project("{FAE04EC0-301F-11D3-BF4B-00C04F79EFBC}") = "Калькулятор", "Калькулятор\Калькулятор.csproj", "{22D0DD6B-669C-49D4-9E82-4EDBC29D3BDB}"
EndProject
Global
	GlobalSection(SolutionConfigurationPlatforms) = preSolution
		Debug|Any CPU = Debug|Any CPU
		Release|Any CPU = Release|Any CPU
	EndGlobalSection
	GlobalSection(ProjectConfigurationPlatforms) = postSolution
		{22D0DD6B-669C-49D4-9E82-4EDBC29D3BDB}.Debug|Any CPU.ActiveCfg = Debug|Any CPU
		{22D0DD6B-669C-49D4-9E82-4EDBC29D3BDB}.Debug|Any CPU.Build.0 = Debug|Any CPU
		{22D0DD6B-669C-49D4-9E82-4EDBC29D3BDB}.Release|Any CPU.ActiveCfg = Release|Any CPU
		{22D0DD6B-669C-49D4-9E82-4EDBC29D3BDB}.Release|Any CPU.Build.0 = Release|Any CPU
	EndGlobalSection
	GlobalSection(SolutionProperties) = preSolution
		HideSolutionNode = FALSE
	EndGlobalSection
	GlobalSection(ExtensibilityGlobals) = postSolution
		SolutionGuid = {504A8691-C12A-4871-B428-7B0F5C38DAE3}
	EndGlobalSection
EndGlobal
