
Microsoft Visual Studio Solution File, Format Version 12.00
# Visual Studio Version 16
VisualStudioVersion = 16.0.31112.23
MinimumVisualStudioVersion = 10.0.40219.1
Project("{FAE04EC0-301F-11D3-BF4B-00C04F79EFBC}") = "ConsoleApp1", "ConsoleApp1\ConsoleApp1.csproj", "{98E5C109-8EB2-4A16-91F7-2C5302A5434E}"
EndProject
Global
	GlobalSection(SolutionConfigurationPlatforms) = preSolution
		Debug|Any CPU = Debug|Any CPU
		Release|Any CPU = Release|Any CPU
	EndGlobalSection
	GlobalSection(ProjectConfigurationPlatforms) = postSolution
		{98E5C109-8EB2-4A16-91F7-2C5302A5434E}.Debug|Any CPU.ActiveCfg = Debug|Any CPU
		{98E5C109-8EB2-4A16-91F7-2C5302A5434E}.Debug|Any CPU.Build.0 = Debug|Any CPU
		{98E5C109-8EB2-4A16-91F7-2C5302A5434E}.Release|Any CPU.ActiveCfg = Release|Any CPU
		{98E5C109-8EB2-4A16-91F7-2C5302A5434E}.Release|Any CPU.Build.0 = Release|Any CPU
	EndGlobalSection
	GlobalSection(SolutionProperties) = preSolution
		HideSolutionNode = FALSE
	EndGlobalSection
	GlobalSection(ExtensibilityGlobals) = postSolution
		SolutionGuid = {596E123A-1754-4BA2-AF61-85CC6EA76B3E}
	EndGlobalSection
EndGlobal
